{
  "version": 4,
  "terraform_version": "1.9.8",
  "serial": 13,
  "lineage": "f821bd15-0399-9d94-8849-97fcc8f2c3ef",
  "outputs": {
    "buildkite-identity": {
      "value": "f1d5337370e7d8e99282c25286804a5b2cfc1682/e75cd07d96127bf9",
      "type": "string"
    }
  },
  "resources": [
    {
      "mode": "data",
      "type": "chainguard_group",
      "name": "group",
      "provider": "provider[\"registry.terraform.io/chainguard-dev/chainguard\"]",
      "instances": [
        {
          "schema_version": 0,
          "attributes": {
            "description": "",
            "id": "f1d5337370e7d8e99282c25286804a5b2cfc1682",
            "name": "manojgupta.in",
            "parent_id": "/"
          },
          "sensitive_attributes": []
        }
      ]
    },
    {
      "mode": "data",
      "type": "chainguard_role",
      "name": "viewer",
      "provider": "provider[\"registry.terraform.io/chainguard-dev/chainguard\"]",
      "instances": [
        {
          "schema_version": 0,
          "attributes": {
            "id": null,
            "items": [
              {
                "capabilities": [
                  "account_associations.list",
                  "apk.list",
                  "build_report.list",
                  "group_invites.list",
                  "groups.list",
                  "identity.list",
                  "identity_providers.list",
                  "libraries.artifacts.list",
                  "libraries.entitlements.list",
                  "manifest.list",
                  "manifest.metadata.list",
                  "record_signatures.list",
                  "registry.deployments.list",
                  "registry.entitlements.list",
                  "repo.list",
                  "role_bindings.list",
                  "roles.list",
                  "sboms.list",
                  "subscriptions.list",
                  "tag.list",
                  "version.list",
                  "vuln_report.list",
                  "vuln_reports.list"
                ],
                "description": "Viewer Role (built-in)",
                "id": "9b1256cf4fca9140eb46abe0bb6b392025ab674d",
                "name": "viewer"
              }
            ],
            "name": "viewer",
            "parent": null
          },
          "sensitive_attributes": []
        }
      ]
    },
    {
      "mode": "managed",
      "type": "chainguard_identity",
      "name": "buildkite",
      "provider": "provider[\"registry.terraform.io/chainguard-dev/chainguard\"]",
      "instances": [
        {
          "schema_version": 0,
          "attributes": {
            "aws_identity": null,
            "claim_match": {
              "audience": null,
              "audience_pattern": null,
              "claim_patterns": null,
              "claims": null,
              "issuer": "https://agent.buildkite.com",
              "issuer_pattern": null,
              "subject": null,
              "subject_pattern": "organization:manojkumar.v.gupta:pipeline:test.cicd:ref:refs/heads/(main|buildkite):commit:[0-9a-f]+:step:get-token"
            },
            "description": "    This is an identity that authorizes Buildkite workflows\n    for this pipeline to assume to interact with chainctl.\n",
            "id": "f1d5337370e7d8e99282c25286804a5b2cfc1682/e75cd07d96127bf9",
            "name": "buildkite",
            "parent_id": "f1d5337370e7d8e99282c25286804a5b2cfc1682",
            "service_principal": null,
            "static": null
          },
          "sensitive_attributes": [],
          "dependencies": [
            "data.chainguard_group.group"
          ]
        }
      ]
    },
    {
      "mode": "managed",
      "type": "chainguard_rolebinding",
      "name": "view-stuff",
      "provider": "provider[\"registry.terraform.io/chainguard-dev/chainguard\"]",
      "instances": [
        {
          "schema_version": 0,
          "attributes": {
            "group": "f1d5337370e7d8e99282c25286804a5b2cfc1682",
            "id": "f1d5337370e7d8e99282c25286804a5b2cfc1682/229152a0af6ac686",
            "identity": "f1d5337370e7d8e99282c25286804a5b2cfc1682/e75cd07d96127bf9",
            "role": "9b1256cf4fca9140eb46abe0bb6b392025ab674d"
          },
          "sensitive_attributes": [],
          "dependencies": [
            "chainguard_identity.buildkite",
            "data.chainguard_group.group",
            "data.chainguard_role.viewer"
          ]
        }
      ]
    }
  ],
  "check_results": null
}
